
Microsoft Visual Studio Solution File, Format Version 12.00
# Visual Studio Version 16
VisualStudioVersion = 16.0.32510.428
MinimumVisualStudioVersion = 10.0.40219.1
Project("{9A19103F-16F7-4668-BE54-9A1E7A4F7556}") = "DragDropMouseOverAndMoreApplication", "DragDropMouseOverAndMoreApplication.csproj", "{394166FB-E734-4588-A518-1C98CDF1EAEC}"
EndProject
Project("{2150E333-8FDC-42A3-9474-1A3956D46DE8}") = "Solution Items", "Solution Items", "{A4B28D96-0AA3-4A07-B3A6-52763CD6C20E}"
	ProjectSection(SolutionItems) = preProject
		.editorconfig = .editorconfig
	EndProjectSection
EndProject
Global
	GlobalSection(SolutionConfigurationPlatforms) = preSolution
		Debug|Any CPU = Debug|Any CPU
		Release|Any CPU = Release|Any CPU
	EndGlobalSection
	GlobalSection(ProjectConfigurationPlatforms) = postSolution
		{394166FB-E734-4588-A518-1C98CDF1EAEC}.Debug|Any CPU.ActiveCfg = Debug|Any CPU
		{394166FB-E734-4588-A518-1C98CDF1EAEC}.Debug|Any CPU.Build.0 = Debug|Any CPU
		{394166FB-E734-4588-A518-1C98CDF1EAEC}.Release|Any CPU.ActiveCfg = Release|Any CPU
		{394166FB-E734-4588-A518-1C98CDF1EAEC}.Release|Any CPU.Build.0 = Release|Any CPU
	EndGlobalSection
	GlobalSection(SolutionProperties) = preSolution
		HideSolutionNode = FALSE
	EndGlobalSection
	GlobalSection(ExtensibilityGlobals) = postSolution
		SolutionGuid = {40AE3E75-8D49-47BA-A282-3B579EA69A8A}
	EndGlobalSection
EndGlobal
