
Microsoft Visual Studio Solution File, Format Version 12.00
# Visual Studio Version 16
VisualStudioVersion = 16.0.32510.428
MinimumVisualStudioVersion = 10.0.40219.1
Project("{9A19103F-16F7-4668-BE54-9A1E7A4F7556}") = "KeyBoardAndMouseEvents", "KeyBoardAndMouseEvents.csproj", "{69161093-F1FA-494C-BF15-9E754320F849}"
EndProject
Project("{2150E333-8FDC-42A3-9474-1A3956D46DE8}") = "Solution Items", "Solution Items", "{61529740-413E-48C6-855E-237A2EAF5610}"
	ProjectSection(SolutionItems) = preProject
		.editorconfig = .editorconfig
	EndProjectSection
EndProject
Global
	GlobalSection(SolutionConfigurationPlatforms) = preSolution
		Debug|Any CPU = Debug|Any CPU
		Release|Any CPU = Release|Any CPU
	EndGlobalSection
	GlobalSection(ProjectConfigurationPlatforms) = postSolution
		{69161093-F1FA-494C-BF15-9E754320F849}.Debug|Any CPU.ActiveCfg = Debug|Any CPU
		{69161093-F1FA-494C-BF15-9E754320F849}.Debug|Any CPU.Build.0 = Debug|Any CPU
		{69161093-F1FA-494C-BF15-9E754320F849}.Release|Any CPU.ActiveCfg = Release|Any CPU
		{69161093-F1FA-494C-BF15-9E754320F849}.Release|Any CPU.Build.0 = Release|Any CPU
	EndGlobalSection
	GlobalSection(SolutionProperties) = preSolution
		HideSolutionNode = FALSE
	EndGlobalSection
	GlobalSection(ExtensibilityGlobals) = postSolution
		SolutionGuid = {8D89CD60-46AF-4A68-A2ED-8A499EA7928E}
	EndGlobalSection
EndGlobal
